
Microsoft Visual Studio Solution File, Format Version 12.00
# Visual Studio Version 16
VisualStudioVersion = 16.0.30804.86
MinimumVisualStudioVersion = 10.0.40219.1
Project("{FAE04EC0-301F-11D3-BF4B-00C04F79EFBC}") = "Library manager", "Library manager\Library manager.csproj", "{4D8EF9A6-39C2-44E4-940F-6CE54DBD752D}"
EndProject
Global
	GlobalSection(SolutionConfigurationPlatforms) = preSolution
		Debug|Any CPU = Debug|Any CPU
		Release|Any CPU = Release|Any CPU
	EndGlobalSection
	GlobalSection(ProjectConfigurationPlatforms) = postSolution
		{4D8EF9A6-39C2-44E4-940F-6CE54DBD752D}.Debug|Any CPU.ActiveCfg = Debug|Any CPU
		{4D8EF9A6-39C2-44E4-940F-6CE54DBD752D}.Debug|Any CPU.Build.0 = Debug|Any CPU
		{4D8EF9A6-39C2-44E4-940F-6CE54DBD752D}.Release|Any CPU.ActiveCfg = Release|Any CPU
		{4D8EF9A6-39C2-44E4-940F-6CE54DBD752D}.Release|Any CPU.Build.0 = Release|Any CPU
	EndGlobalSection
	GlobalSection(SolutionProperties) = preSolution
		HideSolutionNode = FALSE
	EndGlobalSection
	GlobalSection(ExtensibilityGlobals) = postSolution
		SolutionGuid = {F5B88597-4454-44FB-A243-03D217B64DA8}
	EndGlobalSection
EndGlobal
